// !$*UTF8*$!
{
	archiveVersion = 1;
	classes = {
	};
	objectVersion = 50;
	objects = {

/* Begin PBXBuildFile section */
		6D19B64923D09F5A0079DE53 /* PasswordGeneratorView.swift in Sources */ = {isa = PBXBuildFile; fileRef = 6D19B64823D09F5A0079DE53 /* PasswordGeneratorView.swift */; };
		6D2E337823CA3D68000B0BC6 /* AppDelegate.swift in Sources */ = {isa = PBXBuildFile; fileRef = 6D2E337723CA3D68000B0BC6 /* AppDelegate.swift */; };
		6D2E337A23CA3D68000B0BC6 /* SceneDelegate.swift in Sources */ = {isa = PBXBuildFile; fileRef = 6D2E337923CA3D68000B0BC6 /* SceneDelegate.swift */; };
		6D2E337C23CA3D68000B0BC6 /* ContentView.swift in Sources */ = {isa = PBXBuildFile; fileRef = 6D2E337B23CA3D68000B0BC6 /* ContentView.swift */; };
		6D2E337E23CA3D6D000B0BC6 /* Assets.xcassets in Resources */ = {isa = PBXBuildFile; fileRef = 6D2E337D23CA3D6D000B0BC6 /* Assets.xcassets */; };
		6D2E338123CA3D6D000B0BC6 /* Preview Assets.xcassets in Resources */ = {isa = PBXBuildFile; fileRef = 6D2E338023CA3D6D000B0BC6 /* Preview Assets.xcassets */; };
		6D2E338423CA3D6D000B0BC6 /* LaunchScreen.storyboard in Resources */ = {isa = PBXBuildFile; fileRef = 6D2E338223CA3D6D000B0BC6 /* LaunchScreen.storyboard */; };
		6D2E338F23CA6536000B0BC6 /* NumGeneratorView.swift in Sources */ = {isa = PBXBuildFile; fileRef = 6D2E338E23CA6536000B0BC6 /* NumGeneratorView.swift */; };
		6D6A127823CDF10B00BA5CE1 /* PlaySound.swift in Sources */ = {isa = PBXBuildFile; fileRef = 6D6A127723CDF10B00BA5CE1 /* PlaySound.swift */; };
		6D74493B23D4FC63004223A4 /* Sounds in Resources */ = {isa = PBXBuildFile; fileRef = 6D74493A23D4FC62004223A4 /* Sounds */; };
		6D939EBA23CCC90C000EDE12 /* FlipCoinView.swift in Sources */ = {isa = PBXBuildFile; fileRef = 6D939EB923CCC90C000EDE12 /* FlipCoinView.swift */; };
		6DBBCCE723CB7E8A006F5183 /* ButtonView.swift in Sources */ = {isa = PBXBuildFile; fileRef = 6DBBCCE623CB7E8A006F5183 /* ButtonView.swift */; };
		6DF49E9E23E1097D00B1C793 /* NumGeneratorViewModel.swift in Sources */ = {isa = PBXBuildFile; fileRef = 6DF49E9D23E1097C00B1C793 /* NumGeneratorViewModel.swift */; };
		6DF49EA023E2251F00B1C793 /* FlipCoinViewModel.swift in Sources */ = {isa = PBXBuildFile; fileRef = 6DF49E9F23E2251F00B1C793 /* FlipCoinViewModel.swift */; };
		6DF49EA223E22A1D00B1C793 /* PasswordGeneratorViewModel.swift in Sources */ = {isa = PBXBuildFile; fileRef = 6DF49EA123E22A1D00B1C793 /* PasswordGeneratorViewModel.swift */; };
/* End PBXBuildFile section */

/* Begin PBXFileReference section */
		6D19B64823D09F5A0079DE53 /* PasswordGeneratorView.swift */ = {isa = PBXFileReference; lastKnownFileType = sourcecode.swift; path = PasswordGeneratorView.swift; sourceTree = "<group>"; };
		6D2E337423CA3D68000B0BC6 /* Generators.app */ = {isa = PBXFileReference; explicitFileType = wrapper.application; includeInIndex = 0; path = Generators.app; sourceTree = BUILT_PRODUCTS_DIR; };
		6D2E337723CA3D68000B0BC6 /* AppDelegate.swift */ = {isa = PBXFileReference; lastKnownFileType = sourcecode.swift; path = AppDelegate.swift; sourceTree = "<group>"; };
		6D2E337923CA3D68000B0BC6 /* SceneDelegate.swift */ = {isa = PBXFileReference; lastKnownFileType = sourcecode.swift; path = SceneDelegate.swift; sourceTree = "<group>"; };
		6D2E337B23CA3D68000B0BC6 /* ContentView.swift */ = {isa = PBXFileReference; lastKnownFileType = sourcecode.swift; path = ContentView.swift; sourceTree = "<group>"; };
		6D2E337D23CA3D6D000B0BC6 /* Assets.xcassets */ = {isa = PBXFileReference; lastKnownFileType = folder.assetcatalog; path = Assets.xcassets; sourceTree = "<group>"; };
		6D2E338023CA3D6D000B0BC6 /* Preview Assets.xcassets */ = {isa = PBXFileReference; lastKnownFileType = folder.assetcatalog; path = "Preview Assets.xcassets"; sourceTree = "<group>"; };
		6D2E338323CA3D6D000B0BC6 /* Base */ = {isa = PBXFileReference; lastKnownFileType = file.storyboard; name = Base; path = Base.lproj/LaunchScreen.storyboard; sourceTree = "<group>"; };
		6D2E338523CA3D6D000B0BC6 /* Info.plist */ = {isa = PBXFileReference; lastKnownFileType = text.plist.xml; path = Info.plist; sourceTree = "<group>"; };
		6D2E338E23CA6536000B0BC6 /* NumGeneratorView.swift */ = {isa = PBXFileReference; lastKnownFileType = sourcecode.swift; path = NumGeneratorView.swift; sourceTree = "<group>"; };
		6D6A127723CDF10B00BA5CE1 /* PlaySound.swift */ = {isa = PBXFileReference; lastKnownFileType = sourcecode.swift; path = PlaySound.swift; sourceTree = "<group>"; };
		6D74493A23D4FC62004223A4 /* Sounds */ = {isa = PBXFileReference; lastKnownFileType = folder; path = Sounds; sourceTree = "<group>"; };
		6D939EB923CCC90C000EDE12 /* FlipCoinView.swift */ = {isa = PBXFileReference; lastKnownFileType = sourcecode.swift; path = FlipCoinView.swift; sourceTree = "<group>"; };
		6DBBCCE623CB7E8A006F5183 /* ButtonView.swift */ = {isa = PBXFileReference; lastKnownFileType = sourcecode.swift; path = ButtonView.swift; sourceTree = "<group>"; };
		6DF49E9D23E1097C00B1C793 /* NumGeneratorViewModel.swift */ = {isa = PBXFileReference; lastKnownFileType = sourcecode.swift; path = NumGeneratorViewModel.swift; sourceTree = "<group>"; };
		6DF49E9F23E2251F00B1C793 /* FlipCoinViewModel.swift */ = {isa = PBXFileReference; lastKnownFileType = sourcecode.swift; path = FlipCoinViewModel.swift; sourceTree = "<group>"; };
		6DF49EA123E22A1D00B1C793 /* PasswordGeneratorViewModel.swift */ = {isa = PBXFileReference; lastKnownFileType = sourcecode.swift; path = PasswordGeneratorViewModel.swift; sourceTree = "<group>"; };
/* End PBXFileReference section */

/* Begin PBXFrameworksBuildPhase section */
		6D2E337123CA3D68000B0BC6 /* Frameworks */ = {
			isa = PBXFrameworksBuildPhase;
			buildActionMask = 2147483647;
			files = (
			);
			runOnlyForDeploymentPostprocessing = 0;
		};
/* End PBXFrameworksBuildPhase section */

/* Begin PBXGroup section */
		6D19B64C23D0E8140079DE53 /* SubViews */ = {
			isa = PBXGroup;
			children = (
				6DBBCCE623CB7E8A006F5183 /* ButtonView.swift */,
			);
			path = SubViews;
			sourceTree = "<group>";
		};
		6D2E336B23CA3D68000B0BC6 = {
			isa = PBXGroup;
			children = (
				6D2E337623CA3D68000B0BC6 /* Generators */,
				6D2E337523CA3D68000B0BC6 /* Products */,
			);
			sourceTree = "<group>";
		};
		6D2E337523CA3D68000B0BC6 /* Products */ = {
			isa = PBXGroup;
			children = (
				6D2E337423CA3D68000B0BC6 /* Generators.app */,
			);
			name = Products;
			sourceTree = "<group>";
		};
		6D2E337623CA3D68000B0BC6 /* Generators */ = {
			isa = PBXGroup;
			children = (
				6D2E337723CA3D68000B0BC6 /* AppDelegate.swift */,
				6D2E337923CA3D68000B0BC6 /* SceneDelegate.swift */,
				6DF49E9A23E1093500B1C793 /* View Models */,
				6D6A127B23CDF45A00BA5CE1 /* Views */,
				6D74493D23D4FD85004223A4 /* Resourses */,
				6D6A127D23CDF56C00BA5CE1 /* Logic */,
				6D2E337F23CA3D6D000B0BC6 /* Preview Content */,
				6D2E338223CA3D6D000B0BC6 /* LaunchScreen.storyboard */,
				6D2E338523CA3D6D000B0BC6 /* Info.plist */,
			);
			path = Generators;
			sourceTree = "<group>";
		};
		6D2E337F23CA3D6D000B0BC6 /* Preview Content */ = {
			isa = PBXGroup;
			children = (
				6D2E338023CA3D6D000B0BC6 /* Preview Assets.xcassets */,
			);
			path = "Preview Content";
			sourceTree = "<group>";
		};
		6D6A127B23CDF45A00BA5CE1 /* Views */ = {
			isa = PBXGroup;
			children = (
				6D19B64C23D0E8140079DE53 /* SubViews */,
				6D2E337B23CA3D68000B0BC6 /* ContentView.swift */,
				6D2E338E23CA6536000B0BC6 /* NumGeneratorView.swift */,
				6D939EB923CCC90C000EDE12 /* FlipCoinView.swift */,
				6D19B64823D09F5A0079DE53 /* PasswordGeneratorView.swift */,
			);
			path = Views;
			sourceTree = "<group>";
		};
		6D6A127D23CDF56C00BA5CE1 /* Logic */ = {
			isa = PBXGroup;
			children = (
				6D6A127723CDF10B00BA5CE1 /* PlaySound.swift */,
			);
			path = Logic;
			sourceTree = "<group>";
		};
		6D74493D23D4FD85004223A4 /* Resourses */ = {
			isa = PBXGroup;
			children = (
				6D2E337D23CA3D6D000B0BC6 /* Assets.xcassets */,
				6D74493A23D4FC62004223A4 /* Sounds */,
			);
			path = Resourses;
			sourceTree = "<group>";
		};
		6DF49E9A23E1093500B1C793 /* View Models */ = {
			isa = PBXGroup;
			children = (
				6DF49E9D23E1097C00B1C793 /* NumGeneratorViewModel.swift */,
				6DF49E9F23E2251F00B1C793 /* FlipCoinViewModel.swift */,
				6DF49EA123E22A1D00B1C793 /* PasswordGeneratorViewModel.swift */,
			);
			path = "View Models";
			sourceTree = "<group>";
		};
/* End PBXGroup section */

/* Begin PBXNativeTarget section */
		6D2E337323CA3D68000B0BC6 /* Generators */ = {
			isa = PBXNativeTarget;
			buildConfigurationList = 6D2E338823CA3D6D000B0BC6 /* Build configuration list for PBXNativeTarget "Generators" */;
			buildPhases = (
				6D2E337023CA3D68000B0BC6 /* Sources */,
				6D2E337123CA3D68000B0BC6 /* Frameworks */,
				6D2E337223CA3D68000B0BC6 /* Resources */,
			);
			buildRules = (
			);
			dependencies = (
			);
			name = Generators;
			productName = Generators;
			productReference = 6D2E337423CA3D68000B0BC6 /* Generators.app */;
			productType = "com.apple.product-type.application";
		};
/* End PBXNativeTarget section */

/* Begin PBXProject section */
		6D2E336C23CA3D68000B0BC6 /* Project object */ = {
			isa = PBXProject;
			attributes = {
				LastSwiftUpdateCheck = 1130;
				LastUpgradeCheck = 1130;
				ORGANIZATIONNAME = Slavik;
				TargetAttributes = {
					6D2E337323CA3D68000B0BC6 = {
						CreatedOnToolsVersion = 11.3;
					};
				};
			};
			buildConfigurationList = 6D2E336F23CA3D68000B0BC6 /* Build configuration list for PBXProject "Generators" */;
			compatibilityVersion = "Xcode 9.3";
			developmentRegion = en;
			hasScannedForEncodings = 0;
			knownRegions = (
				en,
				Base,
			);
			mainGroup = 6D2E336B23CA3D68000B0BC6;
			productRefGroup = 6D2E337523CA3D68000B0BC6 /* Products */;
			projectDirPath = "";
			projectRoot = "";
			targets = (
				6D2E337323CA3D68000B0BC6 /* Generators */,
			);
		};
/* End PBXProject section */

/* Begin PBXResourcesBuildPhase section */
		6D2E337223CA3D68000B0BC6 /* Resources */ = {
			isa = PBXResourcesBuildPhase;
			buildActionMask = 2147483647;
			files = (
				6D2E338423CA3D6D000B0BC6 /* LaunchScreen.storyboard in Resources */,
				6D2E338123CA3D6D000B0BC6 /* Preview Assets.xcassets in Resources */,
				6D74493B23D4FC63004223A4 /* Sounds in Resources */,
				6D2E337E23CA3D6D000B0BC6 /* Assets.xcassets in Resources */,
			);
			runOnlyForDeploymentPostprocessing = 0;
		};
/* End PBXResourcesBuildPhase section */

/* Begin PBXSourcesBuildPhase section */
		6D2E337023CA3D68000B0BC6 /* Sources */ = {
			isa = PBXSourcesBuildPhase;
			buildActionMask = 2147483647;
			files = (
				6DF49EA023E2251F00B1C793 /* FlipCoinViewModel.swift in Sources */,
				6D2E337823CA3D68000B0BC6 /* AppDelegate.swift in Sources */,
				6DF49E9E23E1097D00B1C793 /* NumGeneratorViewModel.swift in Sources */,
				6D6A127823CDF10B00BA5CE1 /* PlaySound.swift in Sources */,
				6D2E337A23CA3D68000B0BC6 /* SceneDelegate.swift in Sources */,
				6D19B64923D09F5A0079DE53 /* PasswordGeneratorView.swift in Sources */,
				6DBBCCE723CB7E8A006F5183 /* ButtonView.swift in Sources */,
				6D2E337C23CA3D68000B0BC6 /* ContentView.swift in Sources */,
				6D939EBA23CCC90C000EDE12 /* FlipCoinView.swift in Sources */,
				6DF49EA223E22A1D00B1C793 /* PasswordGeneratorViewModel.swift in Sources */,
				6D2E338F23CA6536000B0BC6 /* NumGeneratorView.swift in Sources */,
			);
			runOnlyForDeploymentPostprocessing = 0;
		};
/* End PBXSourcesBuildPhase section */

/* Begin PBXVariantGroup section */
		6D2E338223CA3D6D000B0BC6 /* LaunchScreen.storyboard */ = {
			isa = PBXVariantGroup;
			children = (
				6D2E338323CA3D6D000B0BC6 /* Base */,
			);
			name = LaunchScreen.storyboard;
			sourceTree = "<group>";
		};
/* End PBXVariantGroup section */

/* Begin XCBuildConfiguration section */
		6D2E338623CA3D6D000B0BC6 /* Debug */ = {
			isa = XCBuildConfiguration;
			buildSettings = {
				ALWAYS_SEARCH_USER_PATHS = NO;
				CLANG_ANALYZER_NONNULL = YES;
				CLANG_ANALYZER_NUMBER_OBJECT_CONVERSION = YES_AGGRESSIVE;
				CLANG_CXX_LANGUAGE_STANDARD = "gnu++14";
				CLANG_CXX_LIBRARY = "libc++";
				CLANG_ENABLE_MODULES = YES;
				CLANG_ENABLE_OBJC_ARC = YES;
				CLANG_ENABLE_OBJC_WEAK = YES;
				CLANG_WARN_BLOCK_CAPTURE_AUTORELEASING = YES;
				CLANG_WARN_BOOL_CONVERSION = YES;
				CLANG_WARN_COMMA = YES;
				CLANG_WARN_CONSTANT_CONVERSION = YES;
				CLANG_WARN_DEPRECATED_OBJC_IMPLEMENTATIONS = YES;
				CLANG_WARN_DIRECT_OBJC_ISA_USAGE = YES_ERROR;
				CLANG_WARN_DOCUMENTATION_COMMENTS = YES;
				CLANG_WARN_EMPTY_BODY = YES;
				CLANG_WARN_ENUM_CONVERSION = YES;
				CLANG_WARN_INFINITE_RECURSION = YES;
				CLANG_WARN_INT_CONVERSION = YES;
				CLANG_WARN_NON_LITERAL_NULL_CONVERSION = YES;
				CLANG_WARN_OBJC_IMPLICIT_RETAIN_SELF = YES;
				CLANG_WARN_OBJC_LITERAL_CONVERSION = YES;
				CLANG_WARN_OBJC_ROOT_CLASS = YES_ERROR;
				CLANG_WARN_RANGE_LOOP_ANALYSIS = YES;
				CLANG_WARN_STRICT_PROTOTYPES = YES;
				CLANG_WARN_SUSPICIOUS_MOVE = YES;
				CLANG_WARN_UNGUARDED_AVAILABILITY = YES_AGGRESSIVE;
				CLANG_WARN_UNREACHABLE_CODE = YES;
				CLANG_WARN__DUPLICATE_METHOD_MATCH = YES;
				COPY_PHASE_STRIP = NO;
				DEBUG_INFORMATION_FORMAT = dwarf;
				ENABLE_STRICT_OBJC_MSGSEND = YES;
				ENABLE_TESTABILITY = YES;
				GCC_C_LANGUAGE_STANDARD = gnu11;
				GCC_DYNAMIC_NO_PIC = NO;
				GCC_NO_COMMON_BLOCKS = YES;
				GCC_OPTIMIZATION_LEVEL = 0;
				GCC_PREPROCESSOR_DEFINITIONS = (
					"DEBUG=1",
					"$(inherited)",
				);
				GCC_WARN_64_TO_32_BIT_CONVERSION = YES;
				GCC_WARN_ABOUT_RETURN_TYPE = YES_ERROR;
				GCC_WARN_UNDECLARED_SELECTOR = YES;
				GCC_WARN_UNINITIALIZED_AUTOS = YES_AGGRESSIVE;
				GCC_WARN_UNUSED_FUNCTION = YES;
				GCC_WARN_UNUSED_VARIABLE = YES;
				IPHONEOS_DEPLOYMENT_TARGET = 13.2;
				MTL_ENABLE_DEBUG_INFO = INCLUDE_SOURCE;
				MTL_FAST_MATH = YES;
				ONLY_ACTIVE_ARCH = YES;
				SDKROOT = iphoneos;
				SWIFT_ACTIVE_COMPILATION_CONDITIONS = DEBUG;
				SWIFT_OPTIMIZATION_LEVEL = "-Onone";
			};
			name = Debug;
		};
		6D2E338723CA3D6D000B0BC6 /* Release */ = {
			isa = XCBuildConfiguration;
			buildSettings = {
				ALWAYS_SEARCH_USER_PATHS = NO;
				CLANG_ANALYZER_NONNULL = YES;
				CLANG_ANALYZER_NUMBER_OBJECT_CONVERSION = YES_AGGRESSIVE;
				CLANG_CXX_LANGUAGE_STANDARD = "gnu++14";
				CLANG_CXX_LIBRARY = "libc++";
				CLANG_ENABLE_MODULES = YES;
				CLANG_ENABLE_OBJC_ARC = YES;
				CLANG_ENABLE_OBJC_WEAK = YES;
				CLANG_WARN_BLOCK_CAPTURE_AUTORELEASING = YES;
				CLANG_WARN_BOOL_CONVERSION = YES;
				CLANG_WARN_COMMA = YES;
				CLANG_WARN_CONSTANT_CONVERSION = YES;
				CLANG_WARN_DEPRECATED_OBJC_IMPLEMENTATIONS = YES;
				CLANG_WARN_DIRECT_OBJC_ISA_USAGE = YES_ERROR;
				CLANG_WARN_DOCUMENTATION_COMMENTS = YES;
				CLANG_WARN_EMPTY_BODY = YES;
				CLANG_WARN_ENUM_CONVERSION = YES;
				CLANG_WARN_INFINITE_RECURSION = YES;
				CLANG_WARN_INT_CONVERSION = YES;
				CLANG_WARN_NON_LITERAL_NULL_CONVERSION = YES;
				CLANG_WARN_OBJC_IMPLICIT_RETAIN_SELF = YES;
				CLANG_WARN_OBJC_LITERAL_CONVERSION = YES;
				CLANG_WARN_OBJC_ROOT_CLASS = YES_ERROR;
				CLANG_WARN_RANGE_LOOP_ANALYSIS = YES;
				CLANG_WARN_STRICT_PROTOTYPES = YES;
				CLANG_WARN_SUSPICIOUS_MOVE = YES;
				CLANG_WARN_UNGUARDED_AVAILABILITY = YES_AGGRESSIVE;
				CLANG_WARN_UNREACHABLE_CODE = YES;
				CLANG_WARN__DUPLICATE_METHOD_MATCH = YES;
				COPY_PHASE_STRIP = NO;
				DEBUG_INFORMATION_FORMAT = "dwarf-with-dsym";
				ENABLE_NS_ASSERTIONS = NO;
				ENABLE_STRICT_OBJC_MSGSEND = YES;
				GCC_C_LANGUAGE_STANDARD = gnu11;
				GCC_NO_COMMON_BLOCKS = YES;
				GCC_WARN_64_TO_32_BIT_CONVERSION = YES;
				GCC_WARN_ABOUT_RETURN_TYPE = YES_ERROR;
				GCC_WARN_UNDECLARED_SELECTOR = YES;
				GCC_WARN_UNINITIALIZED_AUTOS = YES_AGGRESSIVE;
				GCC_WARN_UNUSED_FUNCTION = YES;
				GCC_WARN_UNUSED_VARIABLE = YES;
				IPHONEOS_DEPLOYMENT_TARGET = 13.2;
				MTL_ENABLE_DEBUG_INFO = NO;
				MTL_FAST_MATH = YES;
				SDKROOT = iphoneos;
				SWIFT_COMPILATION_MODE = wholemodule;
				SWIFT_OPTIMIZATION_LEVEL = "-O";
				VALIDATE_PRODUCT = YES;
			};
			name = Release;
		};
		6D2E338923CA3D6D000B0BC6 /* Debug */ = {
			isa = XCBuildConfiguration;
			buildSettings = {
				ASSETCATALOG_COMPILER_APPICON_NAME = AppIcon;
				CODE_SIGN_STYLE = Automatic;
				DEVELOPMENT_ASSET_PATHS = "\"Generators/Preview Content\"";
				ENABLE_PREVIEWS = YES;
				INFOPLIST_FILE = Generators/Info.plist;
				LD_RUNPATH_SEARCH_PATHS = (
					"$(inherited)",
					"@executable_path/Frameworks",
				);
				PRODUCT_BUNDLE_IDENTIFIER = YK.Generators;
				PRODUCT_NAME = "$(TARGET_NAME)";
				SWIFT_VERSION = 5.0;
				TARGETED_DEVICE_FAMILY = "1,2";
			};
			name = Debug;
		};
		6D2E338A23CA3D6D000B0BC6 /* Release */ = {
			isa = XCBuildConfiguration;
			buildSettings = {
				ASSETCATALOG_COMPILER_APPICON_NAME = AppIcon;
				CODE_SIGN_STYLE = Automatic;
				DEVELOPMENT_ASSET_PATHS = "\"Generators/Preview Content\"";
				ENABLE_PREVIEWS = YES;
				INFOPLIST_FILE = Generators/Info.plist;
				LD_RUNPATH_SEARCH_PATHS = (
					"$(inherited)",
					"@executable_path/Frameworks",
				);
				PRODUCT_BUNDLE_IDENTIFIER = YK.Generators;
				PRODUCT_NAME = "$(TARGET_NAME)";
				SWIFT_VERSION = 5.0;
				TARGETED_DEVICE_FAMILY = "1,2";
			};
			name = Release;
		};
/* End XCBuildConfiguration section */

/* Begin XCConfigurationList section */
		6D2E336F23CA3D68000B0BC6 /* Build configuration list for PBXProject "Generators" */ = {
			isa = XCConfigurationList;
			buildConfigurations = (
				6D2E338623CA3D6D000B0BC6 /* Debug */,
				6D2E338723CA3D6D000B0BC6 /* Release */,
			);
			defaultConfigurationIsVisible = 0;
			defaultConfigurationName = Release;
		};
		6D2E338823CA3D6D000B0BC6 /* Build configuration list for PBXNativeTarget "Generators" */ = {
			isa = XCConfigurationList;
			buildConfigurations = (
				6D2E338923CA3D6D000B0BC6 /* Debug */,
				6D2E338A23CA3D6D000B0BC6 /* Release */,
			);
			defaultConfigurationIsVisible = 0;
			defaultConfigurationName = Release;
		};
/* End XCConfigurationList section */
	};
	rootObject = 6D2E336C23CA3D68000B0BC6 /* Project object */;
}
